
Microsoft Visual Studio Solution File, Format Version 12.00
# Visual Studio Version 17
VisualStudioVersion = 17.7.34031.279
MinimumVisualStudioVersion = 10.0.40219.1
Project("{FAE04EC0-301F-11D3-BF4B-00C04F79EFBC}") = "RegularExamOOP", "RegularExamOOP\RegularExamOOP.csproj", "{0E2838EA-D8BB-4E73-B154-95C8AA32C1F2}"
EndProject
Global
	GlobalSection(SolutionConfigurationPlatforms) = preSolution
		Debug|Any CPU = Debug|Any CPU
		Release|Any CPU = Release|Any CPU
	EndGlobalSection
	GlobalSection(ProjectConfigurationPlatforms) = postSolution
		{0E2838EA-D8BB-4E73-B154-95C8AA32C1F2}.Debug|Any CPU.ActiveCfg = Debug|Any CPU
		{0E2838EA-D8BB-4E73-B154-95C8AA32C1F2}.Debug|Any CPU.Build.0 = Debug|Any CPU
		{0E2838EA-D8BB-4E73-B154-95C8AA32C1F2}.Release|Any CPU.ActiveCfg = Release|Any CPU
		{0E2838EA-D8BB-4E73-B154-95C8AA32C1F2}.Release|Any CPU.Build.0 = Release|Any CPU
	EndGlobalSection
	GlobalSection(SolutionProperties) = preSolution
		HideSolutionNode = FALSE
	EndGlobalSection
	GlobalSection(ExtensibilityGlobals) = postSolution
		SolutionGuid = {404ED133-E2E9-4FD3-AE8A-68550481AEC2}
	EndGlobalSection
EndGlobal
